
Microsoft Visual Studio Solution File, Format Version 12.00
# Visual Studio 15
VisualStudioVersion = 15.0.28307.329
MinimumVisualStudioVersion = 10.0.40219.1
Project("{FAE04EC0-301F-11D3-BF4B-00C04F79EFBC}") = "BoxingUnboxing", "BoxingUnboxing\BoxingUnboxing.csproj", "{07C40721-1F66-4965-9FCD-7A2CF111001B}"
EndProject
Global
	GlobalSection(SolutionConfigurationPlatforms) = preSolution
		Debug|Any CPU = Debug|Any CPU
		Release|Any CPU = Release|Any CPU
	EndGlobalSection
	GlobalSection(ProjectConfigurationPlatforms) = postSolution
		{07C40721-1F66-4965-9FCD-7A2CF111001B}.Debug|Any CPU.ActiveCfg = Debug|Any CPU
		{07C40721-1F66-4965-9FCD-7A2CF111001B}.Debug|Any CPU.Build.0 = Debug|Any CPU
		{07C40721-1F66-4965-9FCD-7A2CF111001B}.Release|Any CPU.ActiveCfg = Release|Any CPU
		{07C40721-1F66-4965-9FCD-7A2CF111001B}.Release|Any CPU.Build.0 = Release|Any CPU
	EndGlobalSection
	GlobalSection(SolutionProperties) = preSolution
		HideSolutionNode = FALSE
	EndGlobalSection
	GlobalSection(ExtensibilityGlobals) = postSolution
		SolutionGuid = {F32C7B32-235C-4343-A624-958089E52EA7}
	EndGlobalSection
EndGlobal
